// !$*UTF8*$!
{
	archiveVersion = 1;
	classes = {
	};
	objectVersion = 46;
	objects = {

/* Begin PBXBuildFile section */
		2255B3F91D464F6B00260510 /* main.m in Sources */ = {isa = PBXBuildFile; fileRef = 2255B3F81D464F6B00260510 /* main.m */; };
		2255B3FC1D464F6B00260510 /* AppDelegate.m in Sources */ = {isa = PBXBuildFile; fileRef = 2255B3FB1D464F6B00260510 /* AppDelegate.m */; };
		2255B3FF1D464F6B00260510 /* ViewController.m in Sources */ = {isa = PBXBuildFile; fileRef = 2255B3FE1D464F6B00260510 /* ViewController.m */; };
		2255B4021D464F6B00260510 /* Main.storyboard in Resources */ = {isa = PBXBuildFile; fileRef = 2255B4001D464F6B00260510 /* Main.storyboard */; };
		2255B4041D464F6B00260510 /* Assets.xcassets in Resources */ = {isa = PBXBuildFile; fileRef = 2255B4031D464F6B00260510 /* Assets.xcassets */; };
		2255B4071D464F6B00260510 /* LaunchScreen.storyboard in Resources */ = {isa = PBXBuildFile; fileRef = 2255B4051D464F6B00260510 /* LaunchScreen.storyboard */; };
		2255B4121D464F6B00260510 /* BlueFoundationExampleTests.m in Sources */ = {isa = PBXBuildFile; fileRef = 2255B4111D464F6B00260510 /* BlueFoundationExampleTests.m */; };
		2255B4241D46513800260510 /* BlueFoundation.framework in Frameworks */ = {isa = PBXBuildFile; fileRef = 2255B4231D46513800260510 /* BlueFoundation.framework */; };
		2255B4251D46513800260510 /* BlueFoundation.framework in Embed Frameworks */ = {isa = PBXBuildFile; fileRef = 2255B4231D46513800260510 /* BlueFoundation.framework */; settings = {ATTRIBUTES = (CodeSignOnCopy, RemoveHeadersOnCopy, ); }; };
/* End PBXBuildFile section */

/* Begin PBXContainerItemProxy section */
		2255B40E1D464F6B00260510 /* PBXContainerItemProxy */ = {
			isa = PBXContainerItemProxy;
			containerPortal = 2255B3EC1D464F6A00260510 /* Project object */;
			proxyType = 1;
			remoteGlobalIDString = 2255B3F31D464F6B00260510;
			remoteInfo = BlueFoundationExample;
		};
/* End PBXContainerItemProxy section */

/* Begin PBXCopyFilesBuildPhase section */
		2255B4261D46513900260510 /* Embed Frameworks */ = {
			isa = PBXCopyFilesBuildPhase;
			buildActionMask = 2147483647;
			dstPath = "";
			dstSubfolderSpec = 10;
			files = (
				2255B4251D46513800260510 /* BlueFoundation.framework in Embed Frameworks */,
			);
			name = "Embed Frameworks";
			runOnlyForDeploymentPostprocessing = 0;
		};
/* End PBXCopyFilesBuildPhase section */

/* Begin PBXFileReference section */
		2255B3F41D464F6B00260510 /* BlueFoundationExample.app */ = {isa = PBXFileReference; explicitFileType = wrapper.application; includeInIndex = 0; path = BlueFoundationExample.app; sourceTree = BUILT_PRODUCTS_DIR; };
		2255B3F81D464F6B00260510 /* main.m */ = {isa = PBXFileReference; lastKnownFileType = sourcecode.c.objc; path = main.m; sourceTree = "<group>"; };
		2255B3FA1D464F6B00260510 /* AppDelegate.h */ = {isa = PBXFileReference; lastKnownFileType = sourcecode.c.h; path = AppDelegate.h; sourceTree = "<group>"; };
		2255B3FB1D464F6B00260510 /* AppDelegate.m */ = {isa = PBXFileReference; lastKnownFileType = sourcecode.c.objc; path = AppDelegate.m; sourceTree = "<group>"; };
		2255B3FD1D464F6B00260510 /* ViewController.h */ = {isa = PBXFileReference; lastKnownFileType = sourcecode.c.h; path = ViewController.h; sourceTree = "<group>"; };
		2255B3FE1D464F6B00260510 /* ViewController.m */ = {isa = PBXFileReference; lastKnownFileType = sourcecode.c.objc; path = ViewController.m; sourceTree = "<group>"; };
		2255B4011D464F6B00260510 /* Base */ = {isa = PBXFileReference; lastKnownFileType = file.storyboard; name = Base; path = Base.lproj/Main.storyboard; sourceTree = "<group>"; };
		2255B4031D464F6B00260510 /* Assets.xcassets */ = {isa = PBXFileReference; lastKnownFileType = folder.assetcatalog; path = Assets.xcassets; sourceTree = "<group>"; };
		2255B4061D464F6B00260510 /* Base */ = {isa = PBXFileReference; lastKnownFileType = file.storyboard; name = Base; path = Base.lproj/LaunchScreen.storyboard; sourceTree = "<group>"; };
		2255B4081D464F6B00260510 /* Info.plist */ = {isa = PBXFileReference; lastKnownFileType = text.plist.xml; path = Info.plist; sourceTree = "<group>"; };
		2255B40D1D464F6B00260510 /* BlueFoundationExampleTests.xctest */ = {isa = PBXFileReference; explicitFileType = wrapper.cfbundle; includeInIndex = 0; path = BlueFoundationExampleTests.xctest; sourceTree = BUILT_PRODUCTS_DIR; };
		2255B4111D464F6B00260510 /* BlueFoundationExampleTests.m */ = {isa = PBXFileReference; lastKnownFileType = sourcecode.c.objc; path = BlueFoundationExampleTests.m; sourceTree = "<group>"; };
		2255B4131D464F6B00260510 /* Info.plist */ = {isa = PBXFileReference; lastKnownFileType = text.plist.xml; path = Info.plist; sourceTree = "<group>"; };
		2255B4231D46513800260510 /* BlueFoundation.framework */ = {isa = PBXFileReference; explicitFileType = wrapper.framework; name = BlueFoundation.framework; path = "/Users/xin/Library/Developer/Xcode/DerivedData/BlueFoundation-gslqvagmdjaxvwcohtnltfdgtlzd/Build/Products/Debug-iphoneos/BlueFoundation.framework"; sourceTree = "<absolute>"; };
/* End PBXFileReference section */

/* Begin PBXFrameworksBuildPhase section */
		2255B3F11D464F6B00260510 /* Frameworks */ = {
			isa = PBXFrameworksBuildPhase;
			buildActionMask = 2147483647;
			files = (
				2255B4241D46513800260510 /* BlueFoundation.framework in Frameworks */,
			);
			runOnlyForDeploymentPostprocessing = 0;
		};
		2255B40A1D464F6B00260510 /* Frameworks */ = {
			isa = PBXFrameworksBuildPhase;
			buildActionMask = 2147483647;
			files = (
			);
			runOnlyForDeploymentPostprocessing = 0;
		};
/* End PBXFrameworksBuildPhase section */

/* Begin PBXGroup section */
		2255B3EB1D464F6A00260510 = {
			isa = PBXGroup;
			children = (
				2255B4231D46513800260510 /* BlueFoundation.framework */,
				2255B3F61D464F6B00260510 /* BlueFoundationExample */,
				2255B4101D464F6B00260510 /* BlueFoundationExampleTests */,
				2255B3F51D464F6B00260510 /* Products */,
			);
			sourceTree = "<group>";
		};
		2255B3F51D464F6B00260510 /* Products */ = {
			isa = PBXGroup;
			children = (
				2255B3F41D464F6B00260510 /* BlueFoundationExample.app */,
				2255B40D1D464F6B00260510 /* BlueFoundationExampleTests.xctest */,
			);
			name = Products;
			sourceTree = "<group>";
		};
		2255B3F61D464F6B00260510 /* BlueFoundationExample */ = {
			isa = PBXGroup;
			children = (
				2255B3FA1D464F6B00260510 /* AppDelegate.h */,
				2255B3FB1D464F6B00260510 /* AppDelegate.m */,
				2255B3FD1D464F6B00260510 /* ViewController.h */,
				2255B3FE1D464F6B00260510 /* ViewController.m */,
				2255B4001D464F6B00260510 /* Main.storyboard */,
				2255B4031D464F6B00260510 /* Assets.xcassets */,
				2255B4051D464F6B00260510 /* LaunchScreen.storyboard */,
				2255B4081D464F6B00260510 /* Info.plist */,
				2255B3F71D464F6B00260510 /* Supporting Files */,
			);
			path = BlueFoundationExample;
			sourceTree = "<group>";
		};
		2255B3F71D464F6B00260510 /* Supporting Files */ = {
			isa = PBXGroup;
			children = (
				2255B3F81D464F6B00260510 /* main.m */,
			);
			name = "Supporting Files";
			sourceTree = "<group>";
		};
		2255B4101D464F6B00260510 /* BlueFoundationExampleTests */ = {
			isa = PBXGroup;
			children = (
				2255B4111D464F6B00260510 /* BlueFoundationExampleTests.m */,
				2255B4131D464F6B00260510 /* Info.plist */,
			);
			path = BlueFoundationExampleTests;
			sourceTree = "<group>";
		};
/* End PBXGroup section */

/* Begin PBXNativeTarget section */
		2255B3F31D464F6B00260510 /* BlueFoundationExample */ = {
			isa = PBXNativeTarget;
			buildConfigurationList = 2255B4161D464F6B00260510 /* Build configuration list for PBXNativeTarget "BlueFoundationExample" */;
			buildPhases = (
				2255B3F01D464F6B00260510 /* Sources */,
				2255B3F11D464F6B00260510 /* Frameworks */,
				2255B3F21D464F6B00260510 /* Resources */,
				2255B4261D46513900260510 /* Embed Frameworks */,
			);
			buildRules = (
			);
			dependencies = (
			);
			name = BlueFoundationExample;
			productName = BlueFoundationExample;
			productReference = 2255B3F41D464F6B00260510 /* BlueFoundationExample.app */;
			productType = "com.apple.product-type.application";
		};
		2255B40C1D464F6B00260510 /* BlueFoundationExampleTests */ = {
			isa = PBXNativeTarget;
			buildConfigurationList = 2255B4191D464F6B00260510 /* Build configuration list for PBXNativeTarget "BlueFoundationExampleTests" */;
			buildPhases = (
				2255B4091D464F6B00260510 /* Sources */,
				2255B40A1D464F6B00260510 /* Frameworks */,
				2255B40B1D464F6B00260510 /* Resources */,
			);
			buildRules = (
			);
			dependencies = (
				2255B40F1D464F6B00260510 /* PBXTargetDependency */,
			);
			name = BlueFoundationExampleTests;
			productName = BlueFoundationExampleTests;
			productReference = 2255B40D1D464F6B00260510 /* BlueFoundationExampleTests.xctest */;
			productType = "com.apple.product-type.bundle.unit-test";
		};
/* End PBXNativeTarget section */

/* Begin PBXProject section */
		2255B3EC1D464F6A00260510 /* Project object */ = {
			isa = PBXProject;
			attributes = {
				LastUpgradeCheck = 0730;
				ORGANIZATIONNAME = "Xin Wang";
				TargetAttributes = {
					2255B3F31D464F6B00260510 = {
						CreatedOnToolsVersion = 7.3;
					};
					2255B40C1D464F6B00260510 = {
						CreatedOnToolsVersion = 7.3;
						TestTargetID = 2255B3F31D464F6B00260510;
					};
				};
			};
			buildConfigurationList = 2255B3EF1D464F6A00260510 /* Build configuration list for PBXProject "BlueFoundationExample" */;
			compatibilityVersion = "Xcode 3.2";
			developmentRegion = English;
			hasScannedForEncodings = 0;
			knownRegions = (
				en,
				Base,
			);
			mainGroup = 2255B3EB1D464F6A00260510;
			productRefGroup = 2255B3F51D464F6B00260510 /* Products */;
			projectDirPath = "";
			projectRoot = "";
			targets = (
				2255B3F31D464F6B00260510 /* BlueFoundationExample */,
				2255B40C1D464F6B00260510 /* BlueFoundationExampleTests */,
			);
		};
/* End PBXProject section */

/* Begin PBXResourcesBuildPhase section */
		2255B3F21D464F6B00260510 /* Resources */ = {
			isa = PBXResourcesBuildPhase;
			buildActionMask = 2147483647;
			files = (
				2255B4071D464F6B00260510 /* LaunchScreen.storyboard in Resources */,
				2255B4041D464F6B00260510 /* Assets.xcassets in Resources */,
				2255B4021D464F6B00260510 /* Main.storyboard in Resources */,
			);
			runOnlyForDeploymentPostprocessing = 0;
		};
		2255B40B1D464F6B00260510 /* Resources */ = {
			isa = PBXResourcesBuildPhase;
			buildActionMask = 2147483647;
			files = (
			);
			runOnlyForDeploymentPostprocessing = 0;
		};
/* End PBXResourcesBuildPhase section */

/* Begin PBXSourcesBuildPhase section */
		2255B3F01D464F6B00260510 /* Sources */ = {
			isa = PBXSourcesBuildPhase;
			buildActionMask = 2147483647;
			files = (
				2255B3FF1D464F6B00260510 /* ViewController.m in Sources */,
				2255B3FC1D464F6B00260510 /* AppDelegate.m in Sources */,
				2255B3F91D464F6B00260510 /* main.m in Sources */,
			);
			runOnlyForDeploymentPostprocessing = 0;
		};
		2255B4091D464F6B00260510 /* Sources */ = {
			isa = PBXSourcesBuildPhase;
			buildActionMask = 2147483647;
			files = (
				2255B4121D464F6B00260510 /* BlueFoundationExampleTests.m in Sources */,
			);
			runOnlyForDeploymentPostprocessing = 0;
		};
/* End PBXSourcesBuildPhase section */

/* Begin PBXTargetDependency section */
		2255B40F1D464F6B00260510 /* PBXTargetDependency */ = {
			isa = PBXTargetDependency;
			target = 2255B3F31D464F6B00260510 /* BlueFoundationExample */;
			targetProxy = 2255B40E1D464F6B00260510 /* PBXContainerItemProxy */;
		};
/* End PBXTargetDependency section */

/* Begin PBXVariantGroup section */
		2255B4001D464F6B00260510 /* Main.storyboard */ = {
			isa = PBXVariantGroup;
			children = (
				2255B4011D464F6B00260510 /* Base */,
			);
			name = Main.storyboard;
			sourceTree = "<group>";
		};
		2255B4051D464F6B00260510 /* LaunchScreen.storyboard */ = {
			isa = PBXVariantGroup;
			children = (
				2255B4061D464F6B00260510 /* Base */,
			);
			name = LaunchScreen.storyboard;
			sourceTree = "<group>";
		};
/* End PBXVariantGroup section */

/* Begin XCBuildConfiguration section */
		2255B4141D464F6B00260510 /* Debug */ = {
			isa = XCBuildConfiguration;
			buildSettings = {
				ALWAYS_SEARCH_USER_PATHS = NO;
				CLANG_ANALYZER_NONNULL = YES;
				CLANG_CXX_LANGUAGE_STANDARD = "gnu++0x";
				CLANG_CXX_LIBRARY = "libc++";
				CLANG_ENABLE_MODULES = YES;
				CLANG_ENABLE_OBJC_ARC = YES;
				CLANG_WARN_BOOL_CONVERSION = YES;
				CLANG_WARN_CONSTANT_CONVERSION = YES;
				CLANG_WARN_DIRECT_OBJC_ISA_USAGE = YES_ERROR;
				CLANG_WARN_EMPTY_BODY = YES;
				CLANG_WARN_ENUM_CONVERSION = YES;
				CLANG_WARN_INT_CONVERSION = YES;
				CLANG_WARN_OBJC_ROOT_CLASS = YES_ERROR;
				CLANG_WARN_UNREACHABLE_CODE = YES;
				CLANG_WARN__DUPLICATE_METHOD_MATCH = YES;
				"CODE_SIGN_IDENTITY[sdk=iphoneos*]" = "iPhone Developer";
				COPY_PHASE_STRIP = NO;
				DEBUG_INFORMATION_FORMAT = dwarf;
				ENABLE_STRICT_OBJC_MSGSEND = YES;
				ENABLE_TESTABILITY = YES;
				GCC_C_LANGUAGE_STANDARD = gnu99;
				GCC_DYNAMIC_NO_PIC = NO;
				GCC_NO_COMMON_BLOCKS = YES;
				GCC_OPTIMIZATION_LEVEL = 0;
				GCC_PREPROCESSOR_DEFINITIONS = (
					"DEBUG=1",
					"$(inherited)",
				);
				GCC_WARN_64_TO_32_BIT_CONVERSION = YES;
				GCC_WARN_ABOUT_RETURN_TYPE = YES_ERROR;
				GCC_WARN_UNDECLARED_SELECTOR = YES;
				GCC_WARN_UNINITIALIZED_AUTOS = YES_AGGRESSIVE;
				GCC_WARN_UNUSED_FUNCTION = YES;
				GCC_WARN_UNUSED_VARIABLE = YES;
				IPHONEOS_DEPLOYMENT_TARGET = 9.3;
				MTL_ENABLE_DEBUG_INFO = YES;
				ONLY_ACTIVE_ARCH = YES;
				SDKROOT = iphoneos;
			};
			name = Debug;
		};
		2255B4151D464F6B00260510 /* Release */ = {
			isa = XCBuildConfiguration;
			buildSettings = {
				ALWAYS_SEARCH_USER_PATHS = NO;
				CLANG_ANALYZER_NONNULL = YES;
				CLANG_CXX_LANGUAGE_STANDARD = "gnu++0x";
				CLANG_CXX_LIBRARY = "libc++";
				CLANG_ENABLE_MODULES = YES;
				CLANG_ENABLE_OBJC_ARC = YES;
				CLANG_WARN_BOOL_CONVERSION = YES;
				CLANG_WARN_CONSTANT_CONVERSION = YES;
				CLANG_WARN_DIRECT_OBJC_ISA_USAGE = YES_ERROR;
				CLANG_WARN_EMPTY_BODY = YES;
				CLANG_WARN_ENUM_CONVERSION = YES;
				CLANG_WARN_INT_CONVERSION = YES;
				CLANG_WARN_OBJC_ROOT_CLASS = YES_ERROR;
				CLANG_WARN_UNREACHABLE_CODE = YES;
				CLANG_WARN__DUPLICATE_METHOD_MATCH = YES;
				"CODE_SIGN_IDENTITY[sdk=iphoneos*]" = "iPhone Developer";
				COPY_PHASE_STRIP = NO;
				DEBUG_INFORMATION_FORMAT = "dwarf-with-dsym";
				ENABLE_NS_ASSERTIONS = NO;
				ENABLE_STRICT_OBJC_MSGSEND = YES;
				GCC_C_LANGUAGE_STANDARD = gnu99;
				GCC_NO_COMMON_BLOCKS = YES;
				GCC_WARN_64_TO_32_BIT_CONVERSION = YES;
				GCC_WARN_ABOUT_RETURN_TYPE = YES_ERROR;
				GCC_WARN_UNDECLARED_SELECTOR = YES;
				GCC_WARN_UNINITIALIZED_AUTOS = YES_AGGRESSIVE;
				GCC_WARN_UNUSED_FUNCTION = YES;
				GCC_WARN_UNUSED_VARIABLE = YES;
				IPHONEOS_DEPLOYMENT_TARGET = 9.3;
				MTL_ENABLE_DEBUG_INFO = NO;
				SDKROOT = iphoneos;
				VALIDATE_PRODUCT = YES;
			};
			name = Release;
		};
		2255B4171D464F6B00260510 /* Debug */ = {
			isa = XCBuildConfiguration;
			buildSettings = {
				ASSETCATALOG_COMPILER_APPICON_NAME = AppIcon;
				INFOPLIST_FILE = BlueFoundationExample/Info.plist;
				IPHONEOS_DEPLOYMENT_TARGET = 8.0;
				LD_RUNPATH_SEARCH_PATHS = "$(inherited) @executable_path/Frameworks";
				PRODUCT_BUNDLE_IDENTIFIER = com.etchinglab.BlueFoundationExample;
				PRODUCT_NAME = "$(TARGET_NAME)";
			};
			name = Debug;
		};
		2255B4181D464F6B00260510 /* Release */ = {
			isa = XCBuildConfiguration;
			buildSettings = {
				ASSETCATALOG_COMPILER_APPICON_NAME = AppIcon;
				INFOPLIST_FILE = BlueFoundationExample/Info.plist;
				IPHONEOS_DEPLOYMENT_TARGET = 8.0;
				LD_RUNPATH_SEARCH_PATHS = "$(inherited) @executable_path/Frameworks";
				PRODUCT_BUNDLE_IDENTIFIER = com.etchinglab.BlueFoundationExample;
				PRODUCT_NAME = "$(TARGET_NAME)";
			};
			name = Release;
		};
		2255B41A1D464F6B00260510 /* Debug */ = {
			isa = XCBuildConfiguration;
			buildSettings = {
				BUNDLE_LOADER = "$(TEST_HOST)";
				INFOPLIST_FILE = BlueFoundationExampleTests/Info.plist;
				LD_RUNPATH_SEARCH_PATHS = "$(inherited) @executable_path/Frameworks @loader_path/Frameworks";
				PRODUCT_BUNDLE_IDENTIFIER = com.etchinglab.BlueFoundationExampleTests;
				PRODUCT_NAME = "$(TARGET_NAME)";
				TEST_HOST = "$(BUILT_PRODUCTS_DIR)/BlueFoundationExample.app/BlueFoundationExample";
			};
			name = Debug;
		};
		2255B41B1D464F6B00260510 /* Release */ = {
			isa = XCBuildConfiguration;
			buildSettings = {
				BUNDLE_LOADER = "$(TEST_HOST)";
				INFOPLIST_FILE = BlueFoundationExampleTests/Info.plist;
				LD_RUNPATH_SEARCH_PATHS = "$(inherited) @executable_path/Frameworks @loader_path/Frameworks";
				PRODUCT_BUNDLE_IDENTIFIER = com.etchinglab.BlueFoundationExampleTests;
				PRODUCT_NAME = "$(TARGET_NAME)";
				TEST_HOST = "$(BUILT_PRODUCTS_DIR)/BlueFoundationExample.app/BlueFoundationExample";
			};
			name = Release;
		};
/* End XCBuildConfiguration section */

/* Begin XCConfigurationList section */
		2255B3EF1D464F6A00260510 /* Build configuration list for PBXProject "BlueFoundationExample" */ = {
			isa = XCConfigurationList;
			buildConfigurations = (
				2255B4141D464F6B00260510 /* Debug */,
				2255B4151D464F6B00260510 /* Release */,
			);
			defaultConfigurationIsVisible = 0;
			defaultConfigurationName = Release;
		};
		2255B4161D464F6B00260510 /* Build configuration list for PBXNativeTarget "BlueFoundationExample" */ = {
			isa = XCConfigurationList;
			buildConfigurations = (
				2255B4171D464F6B00260510 /* Debug */,
				2255B4181D464F6B00260510 /* Release */,
			);
			defaultConfigurationIsVisible = 0;
		};
		2255B4191D464F6B00260510 /* Build configuration list for PBXNativeTarget "BlueFoundationExampleTests" */ = {
			isa = XCConfigurationList;
			buildConfigurations = (
				2255B41A1D464F6B00260510 /* Debug */,
				2255B41B1D464F6B00260510 /* Release */,
			);
			defaultConfigurationIsVisible = 0;
		};
/* End XCConfigurationList section */
	};
	rootObject = 2255B3EC1D464F6A00260510 /* Project object */;
}
